{
  "name": "units-bot",
  "lockfileVersion": 2,
  "requires": true,
  "packages": {
    "": {
      "dependencies": {
        "algebra.js": "^0.2.6",
        "convert-units": "^2.3.4",
        "discord.js": "^12.4.1"
      }
    },
    "node_modules/@discordjs/collection": {
      "version": "0.1.6",
      "resolved": "https://registry.npmjs.org/@discordjs/collection/-/collection-0.1.6.tgz",
      "integrity": "sha512-utRNxnd9kSS2qhyivo9lMlt5qgAUasH2gb7BEOn6p0efFh24gjGomHzWKMAPn2hEReOPQZCJaRKoURwRotKucQ=="
    },
    "node_modules/@discordjs/form-data": {
      "version": "3.0.1",
      "resolved": "https://registry.npmjs.org/@discordjs/form-data/-/form-data-3.0.1.tgz",
      "integrity": "sha512-ZfFsbgEXW71Rw/6EtBdrP5VxBJy4dthyC0tpQKGKmYFImlmmrykO14Za+BiIVduwjte0jXEBlhSKf0MWbFp9Eg==",
      "dependencies": {
        "asynckit": "^0.4.0",
        "combined-stream": "^1.0.8",
        "mime-types": "^2.1.12"
      },
      "engines": {
        "node": ">= 6"
      }
    },
    "node_modules/abort-controller": {
      "version": "3.0.0",
      "resolved": "https://registry.npmjs.org/abort-controller/-/abort-controller-3.0.0.tgz",
      "integrity": "sha512-h8lQ8tacZYnR3vNQTgibj+tODHI5/+l06Au2Pcriv/Gmet0eaj4TwWH41sO9wnHDiQsEj19q0drzdWdeAHtweg==",
      "dependencies": {
        "event-target-shim": "^5.0.0"
      },
      "engines": {
        "node": ">=6.5"
      }
    },
    "node_modules/algebra.js": {
      "version": "0.2.6",
      "resolved": "https://registry.npmjs.org/algebra.js/-/algebra.js-0.2.6.tgz",
      "integrity": "sha1-I6rMhvhjTkwgbVbIB37yIKYiHHQ="
    },
    "node_modules/asynckit": {
      "version": "0.4.0",
      "resolved": "https://registry.npmjs.org/asynckit/-/asynckit-0.4.0.tgz",
      "integrity": "sha1-x57Zf380y48robyXkLzDZkdLS3k="
    },
    "node_modules/combined-stream": {
      "version": "1.0.8",
      "resolved": "https://registry.npmjs.org/combined-stream/-/combined-stream-1.0.8.tgz",
      "integrity": "sha512-FQN4MRfuJeHf7cBbBMJFXhKSDq+2kAArBlmRBvcvFE5BB1HZKXtSFASDhdlz9zOYwxh8lDdnvmMOe/+5cdoEdg==",
      "dependencies": {
        "delayed-stream": "~1.0.0"
      },
      "engines": {
        "node": ">= 0.8"
      }
    },
    "node_modules/convert-units": {
      "version": "2.3.4",
      "resolved": "https://registry.npmjs.org/convert-units/-/convert-units-2.3.4.tgz",
      "integrity": "sha512-ERHfdA0UhHJp1IpwE6PnFJx8LqG7B1ZjJ20UvVCmopEnVCfER68Tbe3kvN63dLbYXDA2xFWRE6zd4Wsf0w7POg==",
      "dependencies": {
        "lodash.foreach": "2.3.x",
        "lodash.keys": "2.3.x"
      }
    },
    "node_modules/delayed-stream": {
      "version": "1.0.0",
      "resolved": "https://registry.npmjs.org/delayed-stream/-/delayed-stream-1.0.0.tgz",
      "integrity": "sha1-3zrhmayt+31ECqrgsp4icrJOxhk=",
      "engines": {
        "node": ">=0.4.0"
      }
    },
    "node_modules/discord.js": {
      "version": "12.4.1",
      "resolved": "https://registry.npmjs.org/discord.js/-/discord.js-12.4.1.tgz",
      "integrity": "sha512-KxOB8LOAN3GmrvkD6a6Fr1nlfArIFZ+q7Uqg4T/5duB90GZy9a0/Py2E+Y+eHKP6ZUCR2mbNMLCcHGjahiaNqA==",
      "dependencies": {
        "@discordjs/collection": "^0.1.6",
        "@discordjs/form-data": "^3.0.1",
        "abort-controller": "^3.0.0",
        "node-fetch": "^2.6.1",
        "prism-media": "^1.2.2",
        "setimmediate": "^1.0.5",
        "tweetnacl": "^1.0.3",
        "ws": "^7.3.1"
      },
      "engines": {
        "node": ">=12.0.0"
      }
    },
    "node_modules/event-target-shim": {
      "version": "5.0.1",
      "resolved": "https://registry.npmjs.org/event-target-shim/-/event-target-shim-5.0.1.tgz",
      "integrity": "sha512-i/2XbnSz/uxRCU6+NdVJgKWDTM427+MqYbkQzD321DuCQJUqOuJKIA0IM2+W2xtYHdKOmZ4dR6fExsd4SXL+WQ==",
      "engines": {
        "node": ">=6"
      }
    },
    "node_modules/lodash._basebind": {
      "version": "2.3.0",
      "resolved": "https://registry.npmjs.org/lodash._basebind/-/lodash._basebind-2.3.0.tgz",
      "integrity": "sha1-K1vEUqDhBhQ7IYafIzvbWHQX0kg=",
      "dependencies": {
        "lodash._basecreate": "~2.3.0",
        "lodash._setbinddata": "~2.3.0",
        "lodash.isobject": "~2.3.0"
      }
    },
    "node_modules/lodash._basecreate": {
      "version": "2.3.0",
      "resolved": "https://registry.npmjs.org/lodash._basecreate/-/lodash._basecreate-2.3.0.tgz",
      "integrity": "sha1-m4ioak3P97fzxh2Dovz8BnHsneA=",
      "dependencies": {
        "lodash._renative": "~2.3.0",
        "lodash.isobject": "~2.3.0",
        "lodash.noop": "~2.3.0"
      }
    },
    "node_modules/lodash._basecreatecallback": {
      "version": "2.3.0",
      "resolved": "https://registry.npmjs.org/lodash._basecreatecallback/-/lodash._basecreatecallback-2.3.0.tgz",
      "integrity": "sha1-N7KrF1kaM56YjbMln81GAZ16w2I=",
      "dependencies": {
        "lodash._setbinddata": "~2.3.0",
        "lodash.bind": "~2.3.0",
        "lodash.identity": "~2.3.0",
        "lodash.support": "~2.3.0"
      }
    },
    "node_modules/lodash._basecreatewrapper": {
      "version": "2.3.0",
      "resolved": "https://registry.npmjs.org/lodash._basecreatewrapper/-/lodash._basecreatewrapper-2.3.0.tgz",
      "integrity": "sha1-qgxhrZYETDkzN2ExSDqXWcNlEkc=",
      "dependencies": {
        "lodash._basecreate": "~2.3.0",
        "lodash._setbinddata": "~2.3.0",
        "lodash._slice": "~2.3.0",
        "lodash.isobject": "~2.3.0"
      }
    },
    "node_modules/lodash._createwrapper": {
      "version": "2.3.0",
      "resolved": "https://registry.npmjs.org/lodash._createwrapper/-/lodash._createwrapper-2.3.0.tgz",
      "integrity": "sha1-0arhEC2t9EDo4G/BM6bt1/4UYHU=",
      "dependencies": {
        "lodash._basebind": "~2.3.0",
        "lodash._basecreatewrapper": "~2.3.0",
        "lodash.isfunction": "~2.3.0"
      }
    },
    "node_modules/lodash._objecttypes": {
      "version": "2.3.0",
      "resolved": "https://registry.npmjs.org/lodash._objecttypes/-/lodash._objecttypes-2.3.0.tgz",
      "integrity": "sha1-aj6jmH3W7rgCGy1cnDA1Scwrrh4="
    },
    "node_modules/lodash._renative": {
      "version": "2.3.0",
      "resolved": "https://registry.npmjs.org/lodash._renative/-/lodash._renative-2.3.0.tgz",
      "integrity": "sha1-d9jt1M7SbdWXH54Vpfdy5OMX+9M="
    },
    "node_modules/lodash._setbinddata": {
      "version": "2.3.0",
      "resolved": "https://registry.npmjs.org/lodash._setbinddata/-/lodash._setbinddata-2.3.0.tgz",
      "integrity": "sha1-5WEEkKzRMnfVmFjZW18nJ/FQjwQ=",
      "dependencies": {
        "lodash._renative": "~2.3.0",
        "lodash.noop": "~2.3.0"
      }
    },
    "node_modules/lodash._shimkeys": {
      "version": "2.3.0",
      "resolved": "https://registry.npmjs.org/lodash._shimkeys/-/lodash._shimkeys-2.3.0.tgz",
      "integrity": "sha1-YR+TFJ4+bHIQlrSHae8pU3rai6k=",
      "dependencies": {
        "lodash._objecttypes": "~2.3.0"
      }
    },
    "node_modules/lodash._slice": {
      "version": "2.3.0",
      "resolved": "https://registry.npmjs.org/lodash._slice/-/lodash._slice-2.3.0.tgz",
      "integrity": "sha1-FHGYEyhZly5GgMoppZkshVZpqlw="
    },
    "node_modules/lodash.bind": {
      "version": "2.3.0",
      "resolved": "https://registry.npmjs.org/lodash.bind/-/lodash.bind-2.3.0.tgz",
      "integrity": "sha1-wqjhi2jl7MFS4rFoJmEW/qWwFsw=",
      "dependencies": {
        "lodash._createwrapper": "~2.3.0",
        "lodash._renative": "~2.3.0",
        "lodash._slice": "~2.3.0"
      }
    },
    "node_modules/lodash.foreach": {
      "version": "2.3.0",
      "resolved": "https://registry.npmjs.org/lodash.foreach/-/lodash.foreach-2.3.0.tgz",
      "integrity": "sha1-CDQEyR6EbudyRf3512UZxosq8Wg=",
      "dependencies": {
        "lodash._basecreatecallback": "~2.3.0",
        "lodash.forown": "~2.3.0"
      }
    },
    "node_modules/lodash.forown": {
      "version": "2.3.0",
      "resolved": "https://registry.npmjs.org/lodash.forown/-/lodash.forown-2.3.0.tgz",
      "integrity": "sha1-JPtKr4ANRfwtxgv+w84EyDajrX8=",
      "dependencies": {
        "lodash._basecreatecallback": "~2.3.0",
        "lodash._objecttypes": "~2.3.0",
        "lodash.keys": "~2.3.0"
      }
    },
    "node_modules/lodash.identity": {
      "version": "2.3.0",
      "resolved": "https://registry.npmjs.org/lodash.identity/-/lodash.identity-2.3.0.tgz",
      "integrity": "sha1-awGiEMlIU1XCqRO0i2cRIZoXPe0="
    },
    "node_modules/lodash.isfunction": {
      "version": "2.3.0",
      "resolved": "https://registry.npmjs.org/lodash.isfunction/-/lodash.isfunction-2.3.0.tgz",
      "integrity": "sha1-aylz5HpkfPEucNZ2rqE2Q3BuUmc="
    },
    "node_modules/lodash.isobject": {
      "version": "2.3.0",
      "resolved": "https://registry.npmjs.org/lodash.isobject/-/lodash.isobject-2.3.0.tgz",
      "integrity": "sha1-LhbT/Fg9qYMZaJU/LY5tc0NPZ5k=",
      "dependencies": {
        "lodash._objecttypes": "~2.3.0"
      }
    },
    "node_modules/lodash.keys": {
      "version": "2.3.0",
      "resolved": "https://registry.npmjs.org/lodash.keys/-/lodash.keys-2.3.0.tgz",
      "integrity": "sha1-s1D0+Syqn0WkouzwGEVM8vKK4lM=",
      "dependencies": {
        "lodash._renative": "~2.3.0",
        "lodash._shimkeys": "~2.3.0",
        "lodash.isobject": "~2.3.0"
      }
    },
    "node_modules/lodash.noop": {
      "version": "2.3.0",
      "resolved": "https://registry.npmjs.org/lodash.noop/-/lodash.noop-2.3.0.tgz",
      "integrity": "sha1-MFnWKNUbv5N80qC2/Dp/ISpmnCw="
    },
    "node_modules/lodash.support": {
      "version": "2.3.0",
      "resolved": "https://registry.npmjs.org/lodash.support/-/lodash.support-2.3.0.tgz",
      "integrity": "sha1-fq8DivTw1qq3drRKptz8gDNMm/0=",
      "dependencies": {
        "lodash._renative": "~2.3.0"
      }
    },
    "node_modules/mime-db": {
      "version": "1.44.0",
      "resolved": "https://registry.npmjs.org/mime-db/-/mime-db-1.44.0.tgz",
      "integrity": "sha512-/NOTfLrsPBVeH7YtFPgsVWveuL+4SjjYxaQ1xtM1KMFj7HdxlBlxeyNLzhyJVx7r4rZGJAZ/6lkKCitSc/Nmpg==",
      "engines": {
        "node": ">= 0.6"
      }
    },
    "node_modules/mime-types": {
      "version": "2.1.27",
      "resolved": "https://registry.npmjs.org/mime-types/-/mime-types-2.1.27.tgz",
      "integrity": "sha512-JIhqnCasI9yD+SsmkquHBxTSEuZdQX5BuQnS2Vc7puQQQ+8yiP5AY5uWhpdv4YL4VM5c6iliiYWPgJ/nJQLp7w==",
      "dependencies": {
        "mime-db": "1.44.0"
      },
      "engines": {
        "node": ">= 0.6"
      }
    },
    "node_modules/node-fetch": {
      "version": "2.6.1",
      "resolved": "https://registry.npmjs.org/node-fetch/-/node-fetch-2.6.1.tgz",
      "integrity": "sha512-V4aYg89jEoVRxRb2fJdAg8FHvI7cEyYdVAh94HH0UIK8oJxUfkjlDQN9RbMx+bEjP7+ggMiFRprSti032Oipxw==",
      "engines": {
        "node": "4.x || >=6.0.0"
      }
    },
    "node_modules/prism-media": {
      "version": "1.2.2",
      "resolved": "https://registry.npmjs.org/prism-media/-/prism-media-1.2.2.tgz",
      "integrity": "sha512-I+nkWY212lJ500jLe4tN9tWO7nRiBAVdMv76P9kffZjYhw20raMlW1HSSvS+MLXC9MmbNZCazMrAr+5jEEgTuw==",
      "peerDependencies": {
        "@discordjs/opus": "^0.1.0",
        "ffmpeg-static": "^2.4.0 || ^3.0.0",
        "node-opus": "^0.3.1",
        "opusscript": "^0.0.6"
      },
      "peerDependenciesMeta": {
        "@discordjs/opus": {
          "optional": true
        },
        "ffmpeg-static": {
          "optional": true
        },
        "node-opus": {
          "optional": true
        },
        "opusscript": {
          "optional": true
        }
      }
    },
    "node_modules/setimmediate": {
      "version": "1.0.5",
      "resolved": "https://registry.npmjs.org/setimmediate/-/setimmediate-1.0.5.tgz",
      "integrity": "sha1-KQy7Iy4waULX1+qbg3Mqt4VvgoU="
    },
    "node_modules/tweetnacl": {
      "version": "1.0.3",
      "resolved": "https://registry.npmjs.org/tweetnacl/-/tweetnacl-1.0.3.tgz",
      "integrity": "sha512-6rt+RN7aOi1nGMyC4Xa5DdYiukl2UWCbcJft7YhxReBGQD7OAM8Pbxw6YMo4r2diNEA8FEmu32YOn9rhaiE5yw=="
    },
    "node_modules/ws": {
      "version": "7.4.0",
      "resolved": "https://registry.npmjs.org/ws/-/ws-7.4.0.tgz",
      "integrity": "sha512-kyFwXuV/5ymf+IXhS6f0+eAFvydbaBW3zjpT6hUdAh/hbVjTIB5EHBGi0bPoCLSK2wcuz3BrEkB9LrYv1Nm4NQ==",
      "engines": {
        "node": ">=8.3.0"
      },
      "peerDependencies": {
        "bufferutil": "^4.0.1",
        "utf-8-validate": "^5.0.2"
      },
      "peerDependenciesMeta": {
        "bufferutil": {
          "optional": true
        },
        "utf-8-validate": {
          "optional": true
        }
      }
    }
  },
  "dependencies": {
    "@discordjs/collection": {
      "version": "0.1.6",
      "resolved": "https://registry.npmjs.org/@discordjs/collection/-/collection-0.1.6.tgz",
      "integrity": "sha512-utRNxnd9kSS2qhyivo9lMlt5qgAUasH2gb7BEOn6p0efFh24gjGomHzWKMAPn2hEReOPQZCJaRKoURwRotKucQ=="
    },
    "@discordjs/form-data": {
      "version": "3.0.1",
      "resolved": "https://registry.npmjs.org/@discordjs/form-data/-/form-data-3.0.1.tgz",
      "integrity": "sha512-ZfFsbgEXW71Rw/6EtBdrP5VxBJy4dthyC0tpQKGKmYFImlmmrykO14Za+BiIVduwjte0jXEBlhSKf0MWbFp9Eg==",
      "requires": {
        "asynckit": "^0.4.0",
        "combined-stream": "^1.0.8",
        "mime-types": "^2.1.12"
      }
    },
    "abort-controller": {
      "version": "3.0.0",
      "resolved": "https://registry.npmjs.org/abort-controller/-/abort-controller-3.0.0.tgz",
      "integrity": "sha512-h8lQ8tacZYnR3vNQTgibj+tODHI5/+l06Au2Pcriv/Gmet0eaj4TwWH41sO9wnHDiQsEj19q0drzdWdeAHtweg==",
      "requires": {
        "event-target-shim": "^5.0.0"
      }
    },
    "algebra.js": {
      "version": "0.2.6",
      "resolved": "https://registry.npmjs.org/algebra.js/-/algebra.js-0.2.6.tgz",
      "integrity": "sha1-I6rMhvhjTkwgbVbIB37yIKYiHHQ="
    },
    "asynckit": {
      "version": "0.4.0",
      "resolved": "https://registry.npmjs.org/asynckit/-/asynckit-0.4.0.tgz",
      "integrity": "sha1-x57Zf380y48robyXkLzDZkdLS3k="
    },
    "combined-stream": {
      "version": "1.0.8",
      "resolved": "https://registry.npmjs.org/combined-stream/-/combined-stream-1.0.8.tgz",
      "integrity": "sha512-FQN4MRfuJeHf7cBbBMJFXhKSDq+2kAArBlmRBvcvFE5BB1HZKXtSFASDhdlz9zOYwxh8lDdnvmMOe/+5cdoEdg==",
      "requires": {
        "delayed-stream": "~1.0.0"
      }
    },
    "convert-units": {
      "version": "2.3.4",
      "resolved": "https://registry.npmjs.org/convert-units/-/convert-units-2.3.4.tgz",
      "integrity": "sha512-ERHfdA0UhHJp1IpwE6PnFJx8LqG7B1ZjJ20UvVCmopEnVCfER68Tbe3kvN63dLbYXDA2xFWRE6zd4Wsf0w7POg==",
      "requires": {
        "lodash.foreach": "2.3.x",
        "lodash.keys": "2.3.x"
      }
    },
    "delayed-stream": {
      "version": "1.0.0",
      "resolved": "https://registry.npmjs.org/delayed-stream/-/delayed-stream-1.0.0.tgz",
      "integrity": "sha1-3zrhmayt+31ECqrgsp4icrJOxhk="
    },
    "discord.js": {
      "version": "12.4.1",
      "resolved": "https://registry.npmjs.org/discord.js/-/discord.js-12.4.1.tgz",
      "integrity": "sha512-KxOB8LOAN3GmrvkD6a6Fr1nlfArIFZ+q7Uqg4T/5duB90GZy9a0/Py2E+Y+eHKP6ZUCR2mbNMLCcHGjahiaNqA==",
      "requires": {
        "@discordjs/collection": "^0.1.6",
        "@discordjs/form-data": "^3.0.1",
        "abort-controller": "^3.0.0",
        "node-fetch": "^2.6.1",
        "prism-media": "^1.2.2",
        "setimmediate": "^1.0.5",
        "tweetnacl": "^1.0.3",
        "ws": "^7.3.1"
      }
    },
    "event-target-shim": {
      "version": "5.0.1",
      "resolved": "https://registry.npmjs.org/event-target-shim/-/event-target-shim-5.0.1.tgz",
      "integrity": "sha512-i/2XbnSz/uxRCU6+NdVJgKWDTM427+MqYbkQzD321DuCQJUqOuJKIA0IM2+W2xtYHdKOmZ4dR6fExsd4SXL+WQ=="
    },
    "lodash._basebind": {
      "version": "2.3.0",
      "resolved": "https://registry.npmjs.org/lodash._basebind/-/lodash._basebind-2.3.0.tgz",
      "integrity": "sha1-K1vEUqDhBhQ7IYafIzvbWHQX0kg=",
      "requires": {
        "lodash._basecreate": "~2.3.0",
        "lodash._setbinddata": "~2.3.0",
        "lodash.isobject": "~2.3.0"
      }
    },
    "lodash._basecreate": {
      "version": "2.3.0",
      "resolved": "https://registry.npmjs.org/lodash._basecreate/-/lodash._basecreate-2.3.0.tgz",
      "integrity": "sha1-m4ioak3P97fzxh2Dovz8BnHsneA=",
      "requires": {
        "lodash._renative": "~2.3.0",
        "lodash.isobject": "~2.3.0",
        "lodash.noop": "~2.3.0"
      }
    },
    "lodash._basecreatecallback": {
      "version": "2.3.0",
      "resolved": "https://registry.npmjs.org/lodash._basecreatecallback/-/lodash._basecreatecallback-2.3.0.tgz",
      "integrity": "sha1-N7KrF1kaM56YjbMln81GAZ16w2I=",
      "requires": {
        "lodash._setbinddata": "~2.3.0",
        "lodash.bind": "~2.3.0",
        "lodash.identity": "~2.3.0",
        "lodash.support": "~2.3.0"
      }
    },
    "lodash._basecreatewrapper": {
      "version": "2.3.0",
      "resolved": "https://registry.npmjs.org/lodash._basecreatewrapper/-/lodash._basecreatewrapper-2.3.0.tgz",
      "integrity": "sha1-qgxhrZYETDkzN2ExSDqXWcNlEkc=",
      "requires": {
        "lodash._basecreate": "~2.3.0",
        "lodash._setbinddata": "~2.3.0",
        "lodash._slice": "~2.3.0",
        "lodash.isobject": "~2.3.0"
      }
    },
    "lodash._createwrapper": {
      "version": "2.3.0",
      "resolved": "https://registry.npmjs.org/lodash._createwrapper/-/lodash._createwrapper-2.3.0.tgz",
      "integrity": "sha1-0arhEC2t9EDo4G/BM6bt1/4UYHU=",
      "requires": {
        "lodash._basebind": "~2.3.0",
        "lodash._basecreatewrapper": "~2.3.0",
        "lodash.isfunction": "~2.3.0"
      }
    },
    "lodash._objecttypes": {
      "version": "2.3.0",
      "resolved": "https://registry.npmjs.org/lodash._objecttypes/-/lodash._objecttypes-2.3.0.tgz",
      "integrity": "sha1-aj6jmH3W7rgCGy1cnDA1Scwrrh4="
    },
    "lodash._renative": {
      "version": "2.3.0",
      "resolved": "https://registry.npmjs.org/lodash._renative/-/lodash._renative-2.3.0.tgz",
      "integrity": "sha1-d9jt1M7SbdWXH54Vpfdy5OMX+9M="
    },
    "lodash._setbinddata": {
      "version": "2.3.0",
      "resolved": "https://registry.npmjs.org/lodash._setbinddata/-/lodash._setbinddata-2.3.0.tgz",
      "integrity": "sha1-5WEEkKzRMnfVmFjZW18nJ/FQjwQ=",
      "requires": {
        "lodash._renative": "~2.3.0",
        "lodash.noop": "~2.3.0"
      }
    },
    "lodash._shimkeys": {
      "version": "2.3.0",
      "resolved": "https://registry.npmjs.org/lodash._shimkeys/-/lodash._shimkeys-2.3.0.tgz",
      "integrity": "sha1-YR+TFJ4+bHIQlrSHae8pU3rai6k=",
      "requires": {
        "lodash._objecttypes": "~2.3.0"
      }
    },
    "lodash._slice": {
      "version": "2.3.0",
      "resolved": "https://registry.npmjs.org/lodash._slice/-/lodash._slice-2.3.0.tgz",
      "integrity": "sha1-FHGYEyhZly5GgMoppZkshVZpqlw="
    },
    "lodash.bind": {
      "version": "2.3.0",
      "resolved": "https://registry.npmjs.org/lodash.bind/-/lodash.bind-2.3.0.tgz",
      "integrity": "sha1-wqjhi2jl7MFS4rFoJmEW/qWwFsw=",
      "requires": {
        "lodash._createwrapper": "~2.3.0",
        "lodash._renative": "~2.3.0",
        "lodash._slice": "~2.3.0"
      }
    },
    "lodash.foreach": {
      "version": "2.3.0",
      "resolved": "https://registry.npmjs.org/lodash.foreach/-/lodash.foreach-2.3.0.tgz",
      "integrity": "sha1-CDQEyR6EbudyRf3512UZxosq8Wg=",
      "requires": {
        "lodash._basecreatecallback": "~2.3.0",
        "lodash.forown": "~2.3.0"
      }
    },
    "lodash.forown": {
      "version": "2.3.0",
      "resolved": "https://registry.npmjs.org/lodash.forown/-/lodash.forown-2.3.0.tgz",
      "integrity": "sha1-JPtKr4ANRfwtxgv+w84EyDajrX8=",
      "requires": {
        "lodash._basecreatecallback": "~2.3.0",
        "lodash._objecttypes": "~2.3.0",
        "lodash.keys": "~2.3.0"
      }
    },
    "lodash.identity": {
      "version": "2.3.0",
      "resolved": "https://registry.npmjs.org/lodash.identity/-/lodash.identity-2.3.0.tgz",
      "integrity": "sha1-awGiEMlIU1XCqRO0i2cRIZoXPe0="
    },
    "lodash.isfunction": {
      "version": "2.3.0",
      "resolved": "https://registry.npmjs.org/lodash.isfunction/-/lodash.isfunction-2.3.0.tgz",
      "integrity": "sha1-aylz5HpkfPEucNZ2rqE2Q3BuUmc="
    },
    "lodash.isobject": {
      "version": "2.3.0",
      "resolved": "https://registry.npmjs.org/lodash.isobject/-/lodash.isobject-2.3.0.tgz",
      "integrity": "sha1-LhbT/Fg9qYMZaJU/LY5tc0NPZ5k=",
      "requires": {
        "lodash._objecttypes": "~2.3.0"
      }
    },
    "lodash.keys": {
      "version": "2.3.0",
      "resolved": "https://registry.npmjs.org/lodash.keys/-/lodash.keys-2.3.0.tgz",
      "integrity": "sha1-s1D0+Syqn0WkouzwGEVM8vKK4lM=",
      "requires": {
        "lodash._renative": "~2.3.0",
        "lodash._shimkeys": "~2.3.0",
        "lodash.isobject": "~2.3.0"
      }
    },
    "lodash.noop": {
      "version": "2.3.0",
      "resolved": "https://registry.npmjs.org/lodash.noop/-/lodash.noop-2.3.0.tgz",
      "integrity": "sha1-MFnWKNUbv5N80qC2/Dp/ISpmnCw="
    },
    "lodash.support": {
      "version": "2.3.0",
      "resolved": "https://registry.npmjs.org/lodash.support/-/lodash.support-2.3.0.tgz",
      "integrity": "sha1-fq8DivTw1qq3drRKptz8gDNMm/0=",
      "requires": {
        "lodash._renative": "~2.3.0"
      }
    },
    "mime-db": {
      "version": "1.44.0",
      "resolved": "https://registry.npmjs.org/mime-db/-/mime-db-1.44.0.tgz",
      "integrity": "sha512-/NOTfLrsPBVeH7YtFPgsVWveuL+4SjjYxaQ1xtM1KMFj7HdxlBlxeyNLzhyJVx7r4rZGJAZ/6lkKCitSc/Nmpg=="
    },
    "mime-types": {
      "version": "2.1.27",
      "resolved": "https://registry.npmjs.org/mime-types/-/mime-types-2.1.27.tgz",
      "integrity": "sha512-JIhqnCasI9yD+SsmkquHBxTSEuZdQX5BuQnS2Vc7puQQQ+8yiP5AY5uWhpdv4YL4VM5c6iliiYWPgJ/nJQLp7w==",
      "requires": {
        "mime-db": "1.44.0"
      }
    },
    "node-fetch": {
      "version": "2.6.1",
      "resolved": "https://registry.npmjs.org/node-fetch/-/node-fetch-2.6.1.tgz",
      "integrity": "sha512-V4aYg89jEoVRxRb2fJdAg8FHvI7cEyYdVAh94HH0UIK8oJxUfkjlDQN9RbMx+bEjP7+ggMiFRprSti032Oipxw=="
    },
    "prism-media": {
      "version": "1.2.2",
      "resolved": "https://registry.npmjs.org/prism-media/-/prism-media-1.2.2.tgz",
      "integrity": "sha512-I+nkWY212lJ500jLe4tN9tWO7nRiBAVdMv76P9kffZjYhw20raMlW1HSSvS+MLXC9MmbNZCazMrAr+5jEEgTuw==",
      "requires": {}
    },
    "setimmediate": {
      "version": "1.0.5",
      "resolved": "https://registry.npmjs.org/setimmediate/-/setimmediate-1.0.5.tgz",
      "integrity": "sha1-KQy7Iy4waULX1+qbg3Mqt4VvgoU="
    },
    "tweetnacl": {
      "version": "1.0.3",
      "resolved": "https://registry.npmjs.org/tweetnacl/-/tweetnacl-1.0.3.tgz",
      "integrity": "sha512-6rt+RN7aOi1nGMyC4Xa5DdYiukl2UWCbcJft7YhxReBGQD7OAM8Pbxw6YMo4r2diNEA8FEmu32YOn9rhaiE5yw=="
    },
    "ws": {
      "version": "7.4.0",
      "resolved": "https://registry.npmjs.org/ws/-/ws-7.4.0.tgz",
      "integrity": "sha512-kyFwXuV/5ymf+IXhS6f0+eAFvydbaBW3zjpT6hUdAh/hbVjTIB5EHBGi0bPoCLSK2wcuz3BrEkB9LrYv1Nm4NQ==",
      "requires": {}
    }
  }
}
